
Microsoft Visual Studio Solution File, Format Version 12.00
# Visual Studio Version 16
VisualStudioVersion = 16.0.32106.194
MinimumVisualStudioVersion = 10.0.40219.1
Project("{FAE04EC0-301F-11D3-BF4B-00C04F79EFBC}") = "spotiify", "spotiify\spotiify.csproj", "{51DF2BBD-4FBC-4A9D-9737-8C8D96BF8A33}"
EndProject
Global
	GlobalSection(SolutionConfigurationPlatforms) = preSolution
		Debug|Any CPU = Debug|Any CPU
		Release|Any CPU = Release|Any CPU
	EndGlobalSection
	GlobalSection(ProjectConfigurationPlatforms) = postSolution
		{51DF2BBD-4FBC-4A9D-9737-8C8D96BF8A33}.Debug|Any CPU.ActiveCfg = Debug|Any CPU
		{51DF2BBD-4FBC-4A9D-9737-8C8D96BF8A33}.Debug|Any CPU.Build.0 = Debug|Any CPU
		{51DF2BBD-4FBC-4A9D-9737-8C8D96BF8A33}.Release|Any CPU.ActiveCfg = Release|Any CPU
		{51DF2BBD-4FBC-4A9D-9737-8C8D96BF8A33}.Release|Any CPU.Build.0 = Release|Any CPU
	EndGlobalSection
	GlobalSection(SolutionProperties) = preSolution
		HideSolutionNode = FALSE
	EndGlobalSection
	GlobalSection(ExtensibilityGlobals) = postSolution
		SolutionGuid = {DAA73BD1-1529-48AA-8D4C-AD03EE7A315E}
	EndGlobalSection
EndGlobal
